
Microsoft Visual Studio Solution File, Format Version 12.00
# Visual Studio 15
VisualStudioVersion = 15.0.28307.168
MinimumVisualStudioVersion = 10.0.40219.1
Project("{8BC9CEB8-8B4A-11D0-8D11-00A0C91BC942}") = "최빈수 구하기", "최빈수 구하기\최빈수 구하기.vcxproj", "{12FCFE3D-879C-42CD-A160-F33C46B2D73C}"
EndProject
Global
	GlobalSection(SolutionConfigurationPlatforms) = preSolution
		Debug|x64 = Debug|x64
		Debug|x86 = Debug|x86
		Release|x64 = Release|x64
		Release|x86 = Release|x86
	EndGlobalSection
	GlobalSection(ProjectConfigurationPlatforms) = postSolution
		{12FCFE3D-879C-42CD-A160-F33C46B2D73C}.Debug|x64.ActiveCfg = Debug|x64
		{12FCFE3D-879C-42CD-A160-F33C46B2D73C}.Debug|x64.Build.0 = Debug|x64
		{12FCFE3D-879C-42CD-A160-F33C46B2D73C}.Debug|x86.ActiveCfg = Debug|Win32
		{12FCFE3D-879C-42CD-A160-F33C46B2D73C}.Debug|x86.Build.0 = Debug|Win32
		{12FCFE3D-879C-42CD-A160-F33C46B2D73C}.Release|x64.ActiveCfg = Release|x64
		{12FCFE3D-879C-42CD-A160-F33C46B2D73C}.Release|x64.Build.0 = Release|x64
		{12FCFE3D-879C-42CD-A160-F33C46B2D73C}.Release|x86.ActiveCfg = Release|Win32
		{12FCFE3D-879C-42CD-A160-F33C46B2D73C}.Release|x86.Build.0 = Release|Win32
	EndGlobalSection
	GlobalSection(SolutionProperties) = preSolution
		HideSolutionNode = FALSE
	EndGlobalSection
	GlobalSection(ExtensibilityGlobals) = postSolution
		SolutionGuid = {C1FBD874-1D8B-46E1-869D-E475B2428B8F}
	EndGlobalSection
EndGlobal
